
Microsoft Visual Studio Solution File, Format Version 12.00
# Visual Studio Version 17
VisualStudioVersion = 17.8.34525.116
MinimumVisualStudioVersion = 10.0.40219.1
Project("{9A19103F-16F7-4668-BE54-9A1E7A4F7556}") = "HHPWsBe", "HHPWsBe.csproj", "{53B00E3A-F942-431F-9943-C60AE173E029}"
EndProject
Global
	GlobalSection(SolutionConfigurationPlatforms) = preSolution
		Debug|Any CPU = Debug|Any CPU
		Release|Any CPU = Release|Any CPU
	EndGlobalSection
	GlobalSection(ProjectConfigurationPlatforms) = postSolution
		{53B00E3A-F942-431F-9943-C60AE173E029}.Debug|Any CPU.ActiveCfg = Debug|Any CPU
		{53B00E3A-F942-431F-9943-C60AE173E029}.Debug|Any CPU.Build.0 = Debug|Any CPU
		{53B00E3A-F942-431F-9943-C60AE173E029}.Release|Any CPU.ActiveCfg = Release|Any CPU
		{53B00E3A-F942-431F-9943-C60AE173E029}.Release|Any CPU.Build.0 = Release|Any CPU
	EndGlobalSection
	GlobalSection(SolutionProperties) = preSolution
		HideSolutionNode = FALSE
	EndGlobalSection
	GlobalSection(ExtensibilityGlobals) = postSolution
		SolutionGuid = {975A373C-DFF6-4B13-8E0E-E70ACE3227BB}
	EndGlobalSection
EndGlobal
